# This file is autogenerated, do not edit; changes may be undone by the next 'dep ensure'.


[[projects]]
  name = "github.com/golang/protobuf"
  packages = [
    "jsonpb",
    "proto",
    "protoc-gen-go/descriptor",
    "protoc-gen-go/plugin",
    "ptypes/struct"
  ]
  revision = "925541529c1fa6821df4e44ce2723319eb2be768"
  version = "v1.0.0"

[[projects]]
  name = "github.com/pkg/errors"
  packages = ["."]
  revision = "645ef00459ed84a119197bfb8d8205042c6df63d"
  version = "v0.8.0"

[[projects]]
  name = "github.com/twitchtv/protogen"
  packages = [
    ".",
    "stringutils",
    "typemap"
  ]
  revision = "6f52d8a9e353934b0086955f382c7a1536257125"
  version = "v0.1.0"

[[projects]]
  name = "github.com/twitchtv/twirp"
  packages = [
    ".",
    "ctxsetters",
    "internal/contextkeys"
  ]
  revision = "1e149ba374383a4b74e836f6c9e54fede6b09c61"
  version = "v5.3.0"

[solve-meta]
  analyzer-name = "dep"
  analyzer-version = 1
  inputs-digest = "6885aa496f5ecf51a1b5aee4fa4bd9cbb02cd6dcbba4c5749ecd0bb08f338d21"
  solver-name = "gps-cdcl"
  solver-version = 1
