# This file is autogenerated, do not edit; changes may be undone by the next 'dep ensure'.


[[projects]]
  branch = "master"
  name = "github.com/golang/protobuf"
  packages = [
    "proto",
    "protoc-gen-go/descriptor",
    "protoc-gen-go/plugin"
  ]
  revision = "1e59b77b52bf8e4b449a57e6f79f21226d571845"

[[projects]]
  name = "github.com/pkg/errors"
  packages = ["."]
  revision = "645ef00459ed84a119197bfb8d8205042c6df63d"
  version = "v0.8.0"

[[projects]]
  branch = "Xe/feat/make-gen-public"
  name = "github.com/twitchtv/twirp"
  packages = [
    "exp/gen",
    "exp/gen/stringutils",
    "exp/gen/typemap"
  ]
  revision = "e3dd5a1b97420399abc3b5e2d80aab102aa9330e"
  source = "https://github.com/Xe/twirp"

[solve-meta]
  analyzer-name = "dep"
  analyzer-version = 1
  inputs-digest = "c23f0e6d8470d18eb7005b5a0071f6ee5b478345aee3cce99afee6e74a464c25"
  solver-name = "gps-cdcl"
  solver-version = 1
